
Microsoft Visual Studio Solution File, Format Version 12.00
# Visual Studio 14
VisualStudioVersion = 14.0.25420.1
MinimumVisualStudioVersion = 10.0.40219.1
Project("{FAE04EC0-301F-11D3-BF4B-00C04F79EFBC}") = "MyRabbitMQ", "MyRabbitMQ\MyRabbitMQ.csproj", "{ED01C129-26D3-46A3-AB33-274058548067}"
EndProject
Project("{FAE04EC0-301F-11D3-BF4B-00C04F79EFBC}") = "MyRabbitMQ.Consumer", "MyRabbitMQ.Consumer\MyRabbitMQ.Consumer.csproj", "{0D454EE7-F96D-48DE-8C13-8C4EDE569DA1}"
EndProject
Project("{FAE04EC0-301F-11D3-BF4B-00C04F79EFBC}") = "MyRabbitMQ.Producter", "MyRabbitMQ.Producter\MyRabbitMQ.Producter.csproj", "{894BA5E8-52F6-40D2-ACA8-4F7BBBA139B0}"
EndProject
Global
	GlobalSection(SolutionConfigurationPlatforms) = preSolution
		Debug|Any CPU = Debug|Any CPU
		Release|Any CPU = Release|Any CPU
	EndGlobalSection
	GlobalSection(ProjectConfigurationPlatforms) = postSolution
		{ED01C129-26D3-46A3-AB33-274058548067}.Debug|Any CPU.ActiveCfg = Debug|Any CPU
		{ED01C129-26D3-46A3-AB33-274058548067}.Debug|Any CPU.Build.0 = Debug|Any CPU
		{ED01C129-26D3-46A3-AB33-274058548067}.Release|Any CPU.ActiveCfg = Release|Any CPU
		{ED01C129-26D3-46A3-AB33-274058548067}.Release|Any CPU.Build.0 = Release|Any CPU
		{0D454EE7-F96D-48DE-8C13-8C4EDE569DA1}.Debug|Any CPU.ActiveCfg = Debug|Any CPU
		{0D454EE7-F96D-48DE-8C13-8C4EDE569DA1}.Debug|Any CPU.Build.0 = Debug|Any CPU
		{0D454EE7-F96D-48DE-8C13-8C4EDE569DA1}.Release|Any CPU.ActiveCfg = Release|Any CPU
		{0D454EE7-F96D-48DE-8C13-8C4EDE569DA1}.Release|Any CPU.Build.0 = Release|Any CPU
		{894BA5E8-52F6-40D2-ACA8-4F7BBBA139B0}.Debug|Any CPU.ActiveCfg = Debug|Any CPU
		{894BA5E8-52F6-40D2-ACA8-4F7BBBA139B0}.Debug|Any CPU.Build.0 = Debug|Any CPU
		{894BA5E8-52F6-40D2-ACA8-4F7BBBA139B0}.Release|Any CPU.ActiveCfg = Release|Any CPU
		{894BA5E8-52F6-40D2-ACA8-4F7BBBA139B0}.Release|Any CPU.Build.0 = Release|Any CPU
	EndGlobalSection
	GlobalSection(SolutionProperties) = preSolution
		HideSolutionNode = FALSE
	EndGlobalSection
EndGlobal
